
Microsoft Visual Studio Solution File, Format Version 12.00
# Visual Studio Version 16
VisualStudioVersion = 16.0.30225.117
MinimumVisualStudioVersion = 10.0.40219.1
Project("{9A19103F-16F7-4668-BE54-9A1E7A4F7556}") = "OdeToFood", "OdeToFood\OdeToFood.csproj", "{40A90B16-2B91-4479-85DC-1176A89EF0FD}"
EndProject
Project("{9A19103F-16F7-4668-BE54-9A1E7A4F7556}") = "OdeToFood.Core", "OdeToFood.Core\OdeToFood.Core.csproj", "{444C3AD3-0CF5-4230-9425-647CCBF98199}"
EndProject
Project("{9A19103F-16F7-4668-BE54-9A1E7A4F7556}") = "OdeToFood.Data", "OdeToFood.Data\OdeToFood.Data.csproj", "{42275479-8ADB-4D47-9D8E-50C5F5823E24}"
EndProject
Global
	GlobalSection(SolutionConfigurationPlatforms) = preSolution
		Debug|Any CPU = Debug|Any CPU
		Release|Any CPU = Release|Any CPU
	EndGlobalSection
	GlobalSection(ProjectConfigurationPlatforms) = postSolution
		{40A90B16-2B91-4479-85DC-1176A89EF0FD}.Debug|Any CPU.ActiveCfg = Debug|Any CPU
		{40A90B16-2B91-4479-85DC-1176A89EF0FD}.Debug|Any CPU.Build.0 = Debug|Any CPU
		{40A90B16-2B91-4479-85DC-1176A89EF0FD}.Release|Any CPU.ActiveCfg = Release|Any CPU
		{40A90B16-2B91-4479-85DC-1176A89EF0FD}.Release|Any CPU.Build.0 = Release|Any CPU
		{444C3AD3-0CF5-4230-9425-647CCBF98199}.Debug|Any CPU.ActiveCfg = Debug|Any CPU
		{444C3AD3-0CF5-4230-9425-647CCBF98199}.Debug|Any CPU.Build.0 = Debug|Any CPU
		{444C3AD3-0CF5-4230-9425-647CCBF98199}.Release|Any CPU.ActiveCfg = Release|Any CPU
		{444C3AD3-0CF5-4230-9425-647CCBF98199}.Release|Any CPU.Build.0 = Release|Any CPU
		{42275479-8ADB-4D47-9D8E-50C5F5823E24}.Debug|Any CPU.ActiveCfg = Debug|Any CPU
		{42275479-8ADB-4D47-9D8E-50C5F5823E24}.Debug|Any CPU.Build.0 = Debug|Any CPU
		{42275479-8ADB-4D47-9D8E-50C5F5823E24}.Release|Any CPU.ActiveCfg = Release|Any CPU
		{42275479-8ADB-4D47-9D8E-50C5F5823E24}.Release|Any CPU.Build.0 = Release|Any CPU
	EndGlobalSection
	GlobalSection(SolutionProperties) = preSolution
		HideSolutionNode = FALSE
	EndGlobalSection
	GlobalSection(ExtensibilityGlobals) = postSolution
		SolutionGuid = {659CBACB-C564-41C3-B124-9488A529E0E9}
	EndGlobalSection
EndGlobal
